
Microsoft Visual Studio Solution File, Format Version 12.00
# Visual Studio 15
VisualStudioVersion = 15.0.28307.271
MinimumVisualStudioVersion = 10.0.40219.1
Project("{FAE04EC0-301F-11D3-BF4B-00C04F79EFBC}") = "Reservations Subsystem", "Reservations Subsystem\Reservations Subsystem.csproj", "{BD7704D7-0536-448C-9F90-1CE9CB1DB10B}"
EndProject
Project("{2150E333-8FDC-42A3-9474-1A3956D46DE8}") = "Solution Items", "Solution Items", "{72775CF9-BE3E-49E7-83E2-6A1B01834286}"
EndProject
Global
	GlobalSection(SolutionConfigurationPlatforms) = preSolution
		Debug|Any CPU = Debug|Any CPU
		Release|Any CPU = Release|Any CPU
	EndGlobalSection
	GlobalSection(ProjectConfigurationPlatforms) = postSolution
		{BD7704D7-0536-448C-9F90-1CE9CB1DB10B}.Debug|Any CPU.ActiveCfg = Debug|Any CPU
		{BD7704D7-0536-448C-9F90-1CE9CB1DB10B}.Debug|Any CPU.Build.0 = Debug|Any CPU
		{BD7704D7-0536-448C-9F90-1CE9CB1DB10B}.Release|Any CPU.ActiveCfg = Release|Any CPU
		{BD7704D7-0536-448C-9F90-1CE9CB1DB10B}.Release|Any CPU.Build.0 = Release|Any CPU
	EndGlobalSection
	GlobalSection(SolutionProperties) = preSolution
		HideSolutionNode = FALSE
	EndGlobalSection
	GlobalSection(ExtensibilityGlobals) = postSolution
		SolutionGuid = {BA61BF6B-E82C-4BA4-8829-951E235653F0}
	EndGlobalSection
EndGlobal
